
Microsoft Visual Studio Solution File, Format Version 12.00
# Visual Studio Version 17
VisualStudioVersion = 17.6.33712.159
MinimumVisualStudioVersion = 10.0.40219.1
Project("{FAE04EC0-301F-11D3-BF4B-00C04F79EFBC}") = "IPConnectionMapper", "IPConnectionMapper\IPConnectionMapper.csproj", "{97A161F4-7056-4791-B8BF-E9B7E1DFE788}"
EndProject
Global
	GlobalSection(SolutionConfigurationPlatforms) = preSolution
		Debug|Any CPU = Debug|Any CPU
		Release|Any CPU = Release|Any CPU
	EndGlobalSection
	GlobalSection(ProjectConfigurationPlatforms) = postSolution
		{97A161F4-7056-4791-B8BF-E9B7E1DFE788}.Debug|Any CPU.ActiveCfg = Debug|Any CPU
		{97A161F4-7056-4791-B8BF-E9B7E1DFE788}.Debug|Any CPU.Build.0 = Debug|Any CPU
		{97A161F4-7056-4791-B8BF-E9B7E1DFE788}.Release|Any CPU.ActiveCfg = Release|Any CPU
		{97A161F4-7056-4791-B8BF-E9B7E1DFE788}.Release|Any CPU.Build.0 = Release|Any CPU
	EndGlobalSection
	GlobalSection(SolutionProperties) = preSolution
		HideSolutionNode = FALSE
	EndGlobalSection
	GlobalSection(ExtensibilityGlobals) = postSolution
		SolutionGuid = {67E03C0D-09AF-49A0-B111-A61122A0EFD8}
	EndGlobalSection
EndGlobal
